
Microsoft Visual Studio Solution File, Format Version 12.00
# Visual Studio Version 17
VisualStudioVersion = 17.4.33205.214
MinimumVisualStudioVersion = 10.0.40219.1
Project("{9A19103F-16F7-4668-BE54-9A1E7A4F7556}") = "Rrs.WindowsService", "Rrs.WindowsService\Rrs.WindowsService.csproj", "{D6C336EA-0DA6-45C8-8184-2CCE37D5ED73}"
EndProject
Global
	GlobalSection(SolutionConfigurationPlatforms) = preSolution
		Debug|Any CPU = Debug|Any CPU
		Release|Any CPU = Release|Any CPU
	EndGlobalSection
	GlobalSection(ProjectConfigurationPlatforms) = postSolution
		{D6C336EA-0DA6-45C8-8184-2CCE37D5ED73}.Debug|Any CPU.ActiveCfg = Debug|Any CPU
		{D6C336EA-0DA6-45C8-8184-2CCE37D5ED73}.Debug|Any CPU.Build.0 = Debug|Any CPU
		{D6C336EA-0DA6-45C8-8184-2CCE37D5ED73}.Release|Any CPU.ActiveCfg = Release|Any CPU
		{D6C336EA-0DA6-45C8-8184-2CCE37D5ED73}.Release|Any CPU.Build.0 = Release|Any CPU
	EndGlobalSection
	GlobalSection(SolutionProperties) = preSolution
		HideSolutionNode = FALSE
	EndGlobalSection
	GlobalSection(ExtensibilityGlobals) = postSolution
		SolutionGuid = {22F6639C-6A79-4AA2-927C-6C4028A579F5}
	EndGlobalSection
EndGlobal
